
Microsoft Visual Studio Solution File, Format Version 12.00
# Visual Studio Version 17
VisualStudioVersion = 17.14.36408.4 d17.14
MinimumVisualStudioVersion = 10.0.40219.1
Project("{FAE04EC0-301F-11D3-BF4B-00C04F79EFBC}") = "Assignment 7.2.2", "Assignment 7.2.2.csproj", "{DB2E8ABB-707F-47EC-8CAC-A96B050DEE9D}"
EndProject
Global
	GlobalSection(SolutionConfigurationPlatforms) = preSolution
		Debug|Any CPU = Debug|Any CPU
		Release|Any CPU = Release|Any CPU
	EndGlobalSection
	GlobalSection(ProjectConfigurationPlatforms) = postSolution
		{DB2E8ABB-707F-47EC-8CAC-A96B050DEE9D}.Debug|Any CPU.ActiveCfg = Debug|Any CPU
		{DB2E8ABB-707F-47EC-8CAC-A96B050DEE9D}.Debug|Any CPU.Build.0 = Debug|Any CPU
		{DB2E8ABB-707F-47EC-8CAC-A96B050DEE9D}.Release|Any CPU.ActiveCfg = Release|Any CPU
		{DB2E8ABB-707F-47EC-8CAC-A96B050DEE9D}.Release|Any CPU.Build.0 = Release|Any CPU
	EndGlobalSection
	GlobalSection(SolutionProperties) = preSolution
		HideSolutionNode = FALSE
	EndGlobalSection
	GlobalSection(ExtensibilityGlobals) = postSolution
		SolutionGuid = {4C816A69-C66F-4451-9540-39706D03040D}
	EndGlobalSection
EndGlobal
